// !$*UTF8*$!
{
	archiveVersion = 1;
	classes = {
	};
	objectVersion = 56;
	objects = {

/* Begin PBXBuildFile section */
		304C49DB2BC70B4A0072685B /* webView.swift in Sources */ = {isa = PBXBuildFile; fileRef = 304C49DA2BC70B4A0072685B /* webView.swift */; };
		304C49DE2BC7157E0072685B /* WebViewPage.swift in Sources */ = {isa = PBXBuildFile; fileRef = 304C49DD2BC7157E0072685B /* WebViewPage.swift */; };
		305A33D82BDE6DC900E364B4 /* Aircraft.xcdatamodeld in Sources */ = {isa = PBXBuildFile; fileRef = 305A33D62BDE6DC900E364B4 /* Aircraft.xcdatamodeld */; };
		306C59042BD2ADEB00336BEC /* ProgressBarCircle.swift in Sources */ = {isa = PBXBuildFile; fileRef = 306C59032BD2ADEB00336BEC /* ProgressBarCircle.swift */; };
		309F44242BB744DA008D3A29 /* AircraftInspectionApp.swift in Sources */ = {isa = PBXBuildFile; fileRef = 309F44232BB744DA008D3A29 /* AircraftInspectionApp.swift */; };
		309F44262BB744DA008D3A29 /* TabViewBoot.swift in Sources */ = {isa = PBXBuildFile; fileRef = 309F44252BB744DA008D3A29 /* TabViewBoot.swift */; };
		309F44282BB744DC008D3A29 /* Assets.xcassets in Resources */ = {isa = PBXBuildFile; fileRef = 309F44272BB744DC008D3A29 /* Assets.xcassets */; };
		309F442B2BB744DC008D3A29 /* Preview Assets.xcassets in Resources */ = {isa = PBXBuildFile; fileRef = 309F442A2BB744DC008D3A29 /* Preview Assets.xcassets */; };
		309F44332BB74619008D3A29 /* AirplanView.swift in Sources */ = {isa = PBXBuildFile; fileRef = 309F44322BB74619008D3A29 /* AirplanView.swift */; };
		309F44362BB7464C008D3A29 /* MonitoringView.swift in Sources */ = {isa = PBXBuildFile; fileRef = 309F44352BB7464C008D3A29 /* MonitoringView.swift */; };
		309F44392BB7466C008D3A29 /* FligtsView.swift in Sources */ = {isa = PBXBuildFile; fileRef = 309F44382BB7466C008D3A29 /* FligtsView.swift */; };
		309F443C2BB746DA008D3A29 /* AnalyticsView.swift in Sources */ = {isa = PBXBuildFile; fileRef = 309F443B2BB746DA008D3A29 /* AnalyticsView.swift */; };
		309F443F2BB74C43008D3A29 /* Plane.swift in Sources */ = {isa = PBXBuildFile; fileRef = 309F443E2BB74C43008D3A29 /* Plane.swift */; };
		309F44412BB74F45008D3A29 /* DataManager.swift in Sources */ = {isa = PBXBuildFile; fileRef = 309F44402BB74F45008D3A29 /* DataManager.swift */; };
		309F44432BB750D4008D3A29 /* AirplaneviewModel.swift in Sources */ = {isa = PBXBuildFile; fileRef = 309F44422BB750D4008D3A29 /* AirplaneviewModel.swift */; };
		309F44462BB75881008D3A29 /* ButtonCircle.swift in Sources */ = {isa = PBXBuildFile; fileRef = 309F44452BB75881008D3A29 /* ButtonCircle.swift */; };
		30F488E12BC5BF21003F2F32 /* SettingsView.swift in Sources */ = {isa = PBXBuildFile; fileRef = 30F488E02BC5BF21003F2F32 /* SettingsView.swift */; };
		30FC8CDD2BBF2754003287D2 /* FlightCellView.swift in Sources */ = {isa = PBXBuildFile; fileRef = 30FC8CDC2BBF2754003287D2 /* FlightCellView.swift */; };
		30FC8CDF2BBF2D62003287D2 /* FlightViewModel.swift in Sources */ = {isa = PBXBuildFile; fileRef = 30FC8CDE2BBF2D62003287D2 /* FlightViewModel.swift */; };
		30FC8CE12BBF2E24003287D2 /* AddFlightView.swift in Sources */ = {isa = PBXBuildFile; fileRef = 30FC8CE02BBF2E24003287D2 /* AddFlightView.swift */; };
		30FC8CE32BBF37DF003287D2 /* FlightChekingView.swift in Sources */ = {isa = PBXBuildFile; fileRef = 30FC8CE22BBF37DF003287D2 /* FlightChekingView.swift */; };
		30FC8CE52BC01E2F003287D2 /* AnalyticCellView.swift in Sources */ = {isa = PBXBuildFile; fileRef = 30FC8CE42BC01E2F003287D2 /* AnalyticCellView.swift */; };
		30FC8CE72BC01FD8003287D2 /* AnalyticInfoView.swift in Sources */ = {isa = PBXBuildFile; fileRef = 30FC8CE62BC01FD8003287D2 /* AnalyticInfoView.swift */; };
		30FC8CEA2BC06860003287D2 /* PageIntroModel.swift in Sources */ = {isa = PBXBuildFile; fileRef = 30FC8CE92BC06860003287D2 /* PageIntroModel.swift */; };
		30FC8CEC2BC06A7B003287D2 /* PageIntroView.swift in Sources */ = {isa = PBXBuildFile; fileRef = 30FC8CEB2BC06A7B003287D2 /* PageIntroView.swift */; };
		30FC8CEE2BC07122003287D2 /* IntroView.swift in Sources */ = {isa = PBXBuildFile; fileRef = 30FC8CED2BC07122003287D2 /* IntroView.swift */; };
		30FC8CF02BC0920C003287D2 /* ProgressBarView.swift in Sources */ = {isa = PBXBuildFile; fileRef = 30FC8CEF2BC0920C003287D2 /* ProgressBarView.swift */; };
		30FC8CF22BC094D7003287D2 /* LoadingView.swift in Sources */ = {isa = PBXBuildFile; fileRef = 30FC8CF12BC094D7003287D2 /* LoadingView.swift */; };
		30FF26172BBBD227002216E8 /* AirplaneCellView.swift in Sources */ = {isa = PBXBuildFile; fileRef = 30FF26162BBBD227002216E8 /* AirplaneCellView.swift */; };
		30FF26192BBBE182002216E8 /* AddPlaneView.swift in Sources */ = {isa = PBXBuildFile; fileRef = 30FF26182BBBE182002216E8 /* AddPlaneView.swift */; };
		30FF261B2BBBE40A002216E8 /* TextFieldPlaneView.swift in Sources */ = {isa = PBXBuildFile; fileRef = 30FF261A2BBBE40A002216E8 /* TextFieldPlaneView.swift */; };
		30FF261D2BBBF454002216E8 /* PlaneInfoView.swift in Sources */ = {isa = PBXBuildFile; fileRef = 30FF261C2BBBF454002216E8 /* PlaneInfoView.swift */; };
		30FF261F2BBBF640002216E8 /* TextPlaneView.swift in Sources */ = {isa = PBXBuildFile; fileRef = 30FF261E2BBBF640002216E8 /* TextPlaneView.swift */; };
		30FF26232BBC8A17002216E8 /* MonitorCellView.swift in Sources */ = {isa = PBXBuildFile; fileRef = 30FF26222BBC8A17002216E8 /* MonitorCellView.swift */; };
		30FF26252BBC8D7E002216E8 /* MonitoringViewModel.swift in Sources */ = {isa = PBXBuildFile; fileRef = 30FF26242BBC8D7E002216E8 /* MonitoringViewModel.swift */; };
		30FF26272BBC8EEB002216E8 /* MonitorParametrsView.swift in Sources */ = {isa = PBXBuildFile; fileRef = 30FF26262BBC8EEB002216E8 /* MonitorParametrsView.swift */; };
		30FF26292BBCA293002216E8 /* AddMonitorView.swift in Sources */ = {isa = PBXBuildFile; fileRef = 30FF26282BBCA293002216E8 /* AddMonitorView.swift */; };
		30FF262B2BBDD5B9002216E8 /* ButtonChooseView.swift in Sources */ = {isa = PBXBuildFile; fileRef = 30FF262A2BBDD5B9002216E8 /* ButtonChooseView.swift */; };
		30FF262D2BBDE7A3002216E8 /* EditeMonitorView.swift in Sources */ = {isa = PBXBuildFile; fileRef = 30FF262C2BBDE7A3002216E8 /* EditeMonitorView.swift */; };
/* End PBXBuildFile section */

/* Begin PBXFileReference section */
		304C49DA2BC70B4A0072685B /* webView.swift */ = {isa = PBXFileReference; lastKnownFileType = sourcecode.swift; path = webView.swift; sourceTree = "<group>"; };
		304C49DD2BC7157E0072685B /* WebViewPage.swift */ = {isa = PBXFileReference; lastKnownFileType = sourcecode.swift; path = WebViewPage.swift; sourceTree = "<group>"; };
		305A33D72BDE6DC900E364B4 /* Aircraft.xcdatamodel */ = {isa = PBXFileReference; lastKnownFileType = wrapper.xcdatamodel; path = Aircraft.xcdatamodel; sourceTree = "<group>"; };
		306C59032BD2ADEB00336BEC /* ProgressBarCircle.swift */ = {isa = PBXFileReference; lastKnownFileType = sourcecode.swift; path = ProgressBarCircle.swift; sourceTree = "<group>"; };
		309F44202BB744DA008D3A29 /* AircraftInspection.app */ = {isa = PBXFileReference; explicitFileType = wrapper.application; includeInIndex = 0; path = AircraftInspection.app; sourceTree = BUILT_PRODUCTS_DIR; };
		309F44232BB744DA008D3A29 /* AircraftInspectionApp.swift */ = {isa = PBXFileReference; lastKnownFileType = sourcecode.swift; path = AircraftInspectionApp.swift; sourceTree = "<group>"; };
		309F44252BB744DA008D3A29 /* TabViewBoot.swift */ = {isa = PBXFileReference; lastKnownFileType = sourcecode.swift; path = TabViewBoot.swift; sourceTree = "<group>"; };
		309F44272BB744DC008D3A29 /* Assets.xcassets */ = {isa = PBXFileReference; lastKnownFileType = folder.assetcatalog; path = Assets.xcassets; sourceTree = "<group>"; };
		309F442A2BB744DC008D3A29 /* Preview Assets.xcassets */ = {isa = PBXFileReference; lastKnownFileType = folder.assetcatalog; path = "Preview Assets.xcassets"; sourceTree = "<group>"; };
		309F44322BB74619008D3A29 /* AirplanView.swift */ = {isa = PBXFileReference; lastKnownFileType = sourcecode.swift; path = AirplanView.swift; sourceTree = "<group>"; };
		309F44352BB7464C008D3A29 /* MonitoringView.swift */ = {isa = PBXFileReference; lastKnownFileType = sourcecode.swift; path = MonitoringView.swift; sourceTree = "<group>"; };
		309F44382BB7466C008D3A29 /* FligtsView.swift */ = {isa = PBXFileReference; lastKnownFileType = sourcecode.swift; path = FligtsView.swift; sourceTree = "<group>"; };
		309F443B2BB746DA008D3A29 /* AnalyticsView.swift */ = {isa = PBXFileReference; lastKnownFileType = sourcecode.swift; path = AnalyticsView.swift; sourceTree = "<group>"; };
		309F443E2BB74C43008D3A29 /* Plane.swift */ = {isa = PBXFileReference; lastKnownFileType = sourcecode.swift; path = Plane.swift; sourceTree = "<group>"; };
		309F44402BB74F45008D3A29 /* DataManager.swift */ = {isa = PBXFileReference; lastKnownFileType = sourcecode.swift; path = DataManager.swift; sourceTree = "<group>"; };
		309F44422BB750D4008D3A29 /* AirplaneviewModel.swift */ = {isa = PBXFileReference; lastKnownFileType = sourcecode.swift; path = AirplaneviewModel.swift; sourceTree = "<group>"; };
		309F44452BB75881008D3A29 /* ButtonCircle.swift */ = {isa = PBXFileReference; lastKnownFileType = sourcecode.swift; path = ButtonCircle.swift; sourceTree = "<group>"; };
		30F488E02BC5BF21003F2F32 /* SettingsView.swift */ = {isa = PBXFileReference; lastKnownFileType = sourcecode.swift; path = SettingsView.swift; sourceTree = "<group>"; };
		30FC8CDC2BBF2754003287D2 /* FlightCellView.swift */ = {isa = PBXFileReference; lastKnownFileType = sourcecode.swift; path = FlightCellView.swift; sourceTree = "<group>"; };
		30FC8CDE2BBF2D62003287D2 /* FlightViewModel.swift */ = {isa = PBXFileReference; lastKnownFileType = sourcecode.swift; path = FlightViewModel.swift; sourceTree = "<group>"; };
		30FC8CE02BBF2E24003287D2 /* AddFlightView.swift */ = {isa = PBXFileReference; lastKnownFileType = sourcecode.swift; path = AddFlightView.swift; sourceTree = "<group>"; };
		30FC8CE22BBF37DF003287D2 /* FlightChekingView.swift */ = {isa = PBXFileReference; lastKnownFileType = sourcecode.swift; path = FlightChekingView.swift; sourceTree = "<group>"; };
		30FC8CE42BC01E2F003287D2 /* AnalyticCellView.swift */ = {isa = PBXFileReference; lastKnownFileType = sourcecode.swift; path = AnalyticCellView.swift; sourceTree = "<group>"; };
		30FC8CE62BC01FD8003287D2 /* AnalyticInfoView.swift */ = {isa = PBXFileReference; lastKnownFileType = sourcecode.swift; path = AnalyticInfoView.swift; sourceTree = "<group>"; };
		30FC8CE92BC06860003287D2 /* PageIntroModel.swift */ = {isa = PBXFileReference; lastKnownFileType = sourcecode.swift; path = PageIntroModel.swift; sourceTree = "<group>"; };
		30FC8CEB2BC06A7B003287D2 /* PageIntroView.swift */ = {isa = PBXFileReference; lastKnownFileType = sourcecode.swift; path = PageIntroView.swift; sourceTree = "<group>"; };
		30FC8CED2BC07122003287D2 /* IntroView.swift */ = {isa = PBXFileReference; lastKnownFileType = sourcecode.swift; path = IntroView.swift; sourceTree = "<group>"; };
		30FC8CEF2BC0920C003287D2 /* ProgressBarView.swift */ = {isa = PBXFileReference; lastKnownFileType = sourcecode.swift; path = ProgressBarView.swift; sourceTree = "<group>"; };
		30FC8CF12BC094D7003287D2 /* LoadingView.swift */ = {isa = PBXFileReference; lastKnownFileType = sourcecode.swift; path = LoadingView.swift; sourceTree = "<group>"; };
		30FF26162BBBD227002216E8 /* AirplaneCellView.swift */ = {isa = PBXFileReference; lastKnownFileType = sourcecode.swift; path = AirplaneCellView.swift; sourceTree = "<group>"; };
		30FF26182BBBE182002216E8 /* AddPlaneView.swift */ = {isa = PBXFileReference; lastKnownFileType = sourcecode.swift; path = AddPlaneView.swift; sourceTree = "<group>"; };
		30FF261A2BBBE40A002216E8 /* TextFieldPlaneView.swift */ = {isa = PBXFileReference; lastKnownFileType = sourcecode.swift; path = TextFieldPlaneView.swift; sourceTree = "<group>"; };
		30FF261C2BBBF454002216E8 /* PlaneInfoView.swift */ = {isa = PBXFileReference; lastKnownFileType = sourcecode.swift; path = PlaneInfoView.swift; sourceTree = "<group>"; };
		30FF261E2BBBF640002216E8 /* TextPlaneView.swift */ = {isa = PBXFileReference; lastKnownFileType = sourcecode.swift; path = TextPlaneView.swift; sourceTree = "<group>"; };
		30FF26222BBC8A17002216E8 /* MonitorCellView.swift */ = {isa = PBXFileReference; lastKnownFileType = sourcecode.swift; path = MonitorCellView.swift; sourceTree = "<group>"; };
		30FF26242BBC8D7E002216E8 /* MonitoringViewModel.swift */ = {isa = PBXFileReference; lastKnownFileType = sourcecode.swift; path = MonitoringViewModel.swift; sourceTree = "<group>"; };
		30FF26262BBC8EEB002216E8 /* MonitorParametrsView.swift */ = {isa = PBXFileReference; lastKnownFileType = sourcecode.swift; path = MonitorParametrsView.swift; sourceTree = "<group>"; };
		30FF26282BBCA293002216E8 /* AddMonitorView.swift */ = {isa = PBXFileReference; lastKnownFileType = sourcecode.swift; path = AddMonitorView.swift; sourceTree = "<group>"; };
		30FF262A2BBDD5B9002216E8 /* ButtonChooseView.swift */ = {isa = PBXFileReference; lastKnownFileType = sourcecode.swift; path = ButtonChooseView.swift; sourceTree = "<group>"; };
		30FF262C2BBDE7A3002216E8 /* EditeMonitorView.swift */ = {isa = PBXFileReference; lastKnownFileType = sourcecode.swift; path = EditeMonitorView.swift; sourceTree = "<group>"; };
/* End PBXFileReference section */

/* Begin PBXFrameworksBuildPhase section */
		309F441D2BB744DA008D3A29 /* Frameworks */ = {
			isa = PBXFrameworksBuildPhase;
			buildActionMask = 2147483647;
			files = (
			);
			runOnlyForDeploymentPostprocessing = 0;
		};
/* End PBXFrameworksBuildPhase section */

/* Begin PBXGroup section */
		304C49DC2BC7155E0072685B /* WebView */ = {
			isa = PBXGroup;
			children = (
				304C49DA2BC70B4A0072685B /* webView.swift */,
				304C49DD2BC7157E0072685B /* WebViewPage.swift */,
			);
			path = WebView;
			sourceTree = "<group>";
		};
		309F44172BB744D9008D3A29 = {
			isa = PBXGroup;
			children = (
				309F44222BB744DA008D3A29 /* AircraftInspection */,
				309F44212BB744DA008D3A29 /* Products */,
			);
			sourceTree = "<group>";
		};
		309F44212BB744DA008D3A29 /* Products */ = {
			isa = PBXGroup;
			children = (
				309F44202BB744DA008D3A29 /* AircraftInspection.app */,
			);
			name = Products;
			sourceTree = "<group>";
		};
		309F44222BB744DA008D3A29 /* AircraftInspection */ = {
			isa = PBXGroup;
			children = (
				304C49DC2BC7155E0072685B /* WebView */,
				30FC8CE82BC06829003287D2 /* Intro */,
				309F44442BB75858008D3A29 /* Extentions */,
				309F443D2BB74C2C008D3A29 /* Model */,
				309F443A2BB746B8008D3A29 /* Analytics */,
				309F44372BB74652008D3A29 /* Flights */,
				309F44342BB74623008D3A29 /* Monitoring */,
				309F44312BB74603008D3A29 /* AirPlan */,
				309F44232BB744DA008D3A29 /* AircraftInspectionApp.swift */,
				309F44252BB744DA008D3A29 /* TabViewBoot.swift */,
				309F44272BB744DC008D3A29 /* Assets.xcassets */,
				309F44292BB744DC008D3A29 /* Preview Content */,
				309F44402BB74F45008D3A29 /* DataManager.swift */,
				305A33D62BDE6DC900E364B4 /* Aircraft.xcdatamodeld */,
			);
			path = AircraftInspection;
			sourceTree = "<group>";
		};
		309F44292BB744DC008D3A29 /* Preview Content */ = {
			isa = PBXGroup;
			children = (
				309F442A2BB744DC008D3A29 /* Preview Assets.xcassets */,
			);
			path = "Preview Content";
			sourceTree = "<group>";
		};
		309F44312BB74603008D3A29 /* AirPlan */ = {
			isa = PBXGroup;
			children = (
				309F44422BB750D4008D3A29 /* AirplaneviewModel.swift */,
				309F44322BB74619008D3A29 /* AirplanView.swift */,
				30FF26182BBBE182002216E8 /* AddPlaneView.swift */,
				30FF261C2BBBF454002216E8 /* PlaneInfoView.swift */,
			);
			path = AirPlan;
			sourceTree = "<group>";
		};
		309F44342BB74623008D3A29 /* Monitoring */ = {
			isa = PBXGroup;
			children = (
				309F44352BB7464C008D3A29 /* MonitoringView.swift */,
				30FF26242BBC8D7E002216E8 /* MonitoringViewModel.swift */,
				30FF26262BBC8EEB002216E8 /* MonitorParametrsView.swift */,
				30FF26282BBCA293002216E8 /* AddMonitorView.swift */,
				30FF262C2BBDE7A3002216E8 /* EditeMonitorView.swift */,
			);
			path = Monitoring;
			sourceTree = "<group>";
		};
		309F44372BB74652008D3A29 /* Flights */ = {
			isa = PBXGroup;
			children = (
				309F44382BB7466C008D3A29 /* FligtsView.swift */,
				30FC8CDE2BBF2D62003287D2 /* FlightViewModel.swift */,
				30FC8CE02BBF2E24003287D2 /* AddFlightView.swift */,
				30FC8CE22BBF37DF003287D2 /* FlightChekingView.swift */,
			);
			path = Flights;
			sourceTree = "<group>";
		};
		309F443A2BB746B8008D3A29 /* Analytics */ = {
			isa = PBXGroup;
			children = (
				309F443B2BB746DA008D3A29 /* AnalyticsView.swift */,
				30FC8CE62BC01FD8003287D2 /* AnalyticInfoView.swift */,
			);
			path = Analytics;
			sourceTree = "<group>";
		};
		309F443D2BB74C2C008D3A29 /* Model */ = {
			isa = PBXGroup;
			children = (
				309F443E2BB74C43008D3A29 /* Plane.swift */,
			);
			path = Model;
			sourceTree = "<group>";
		};
		309F44442BB75858008D3A29 /* Extentions */ = {
			isa = PBXGroup;
			children = (
				309F44452BB75881008D3A29 /* ButtonCircle.swift */,
				30FF262A2BBDD5B9002216E8 /* ButtonChooseView.swift */,
				30FF261A2BBBE40A002216E8 /* TextFieldPlaneView.swift */,
				30FF261E2BBBF640002216E8 /* TextPlaneView.swift */,
				30F488E02BC5BF21003F2F32 /* SettingsView.swift */,
				30FC8CEF2BC0920C003287D2 /* ProgressBarView.swift */,
				30FF26162BBBD227002216E8 /* AirplaneCellView.swift */,
				30FF26222BBC8A17002216E8 /* MonitorCellView.swift */,
				30FC8CDC2BBF2754003287D2 /* FlightCellView.swift */,
				30FC8CE42BC01E2F003287D2 /* AnalyticCellView.swift */,
				306C59032BD2ADEB00336BEC /* ProgressBarCircle.swift */,
			);
			path = Extentions;
			sourceTree = "<group>";
		};
		30FC8CE82BC06829003287D2 /* Intro */ = {
			isa = PBXGroup;
			children = (
				30FC8CE92BC06860003287D2 /* PageIntroModel.swift */,
				30FC8CEB2BC06A7B003287D2 /* PageIntroView.swift */,
				30FC8CED2BC07122003287D2 /* IntroView.swift */,
				30FC8CF12BC094D7003287D2 /* LoadingView.swift */,
			);
			path = Intro;
			sourceTree = "<group>";
		};
/* End PBXGroup section */

/* Begin PBXNativeTarget section */
		309F441F2BB744DA008D3A29 /* AircraftInspection */ = {
			isa = PBXNativeTarget;
			buildConfigurationList = 309F442E2BB744DC008D3A29 /* Build configuration list for PBXNativeTarget "AircraftInspection" */;
			buildPhases = (
				309F441C2BB744DA008D3A29 /* Sources */,
				309F441D2BB744DA008D3A29 /* Frameworks */,
				309F441E2BB744DA008D3A29 /* Resources */,
			);
			buildRules = (
			);
			dependencies = (
			);
			name = AircraftInspection;
			productName = AircraftInspection;
			productReference = 309F44202BB744DA008D3A29 /* AircraftInspection.app */;
			productType = "com.apple.product-type.application";
		};
/* End PBXNativeTarget section */

/* Begin PBXProject section */
		309F44182BB744D9008D3A29 /* Project object */ = {
			isa = PBXProject;
			attributes = {
				BuildIndependentTargetsInParallel = 1;
				LastSwiftUpdateCheck = 1500;
				LastUpgradeCheck = 1500;
				TargetAttributes = {
					309F441F2BB744DA008D3A29 = {
						CreatedOnToolsVersion = 15.0.1;
					};
				};
			};
			buildConfigurationList = 309F441B2BB744D9008D3A29 /* Build configuration list for PBXProject "AircraftInspection" */;
			compatibilityVersion = "Xcode 14.0";
			developmentRegion = en;
			hasScannedForEncodings = 0;
			knownRegions = (
				en,
				Base,
			);
			mainGroup = 309F44172BB744D9008D3A29;
			productRefGroup = 309F44212BB744DA008D3A29 /* Products */;
			projectDirPath = "";
			projectRoot = "";
			targets = (
				309F441F2BB744DA008D3A29 /* AircraftInspection */,
			);
		};
/* End PBXProject section */

/* Begin PBXResourcesBuildPhase section */
		309F441E2BB744DA008D3A29 /* Resources */ = {
			isa = PBXResourcesBuildPhase;
			buildActionMask = 2147483647;
			files = (
				309F442B2BB744DC008D3A29 /* Preview Assets.xcassets in Resources */,
				309F44282BB744DC008D3A29 /* Assets.xcassets in Resources */,
			);
			runOnlyForDeploymentPostprocessing = 0;
		};
/* End PBXResourcesBuildPhase section */

/* Begin PBXSourcesBuildPhase section */
		309F441C2BB744DA008D3A29 /* Sources */ = {
			isa = PBXSourcesBuildPhase;
			buildActionMask = 2147483647;
			files = (
				30FF262D2BBDE7A3002216E8 /* EditeMonitorView.swift in Sources */,
				309F44392BB7466C008D3A29 /* FligtsView.swift in Sources */,
				309F44412BB74F45008D3A29 /* DataManager.swift in Sources */,
				309F44362BB7464C008D3A29 /* MonitoringView.swift in Sources */,
				30FF26232BBC8A17002216E8 /* MonitorCellView.swift in Sources */,
				30FC8CF22BC094D7003287D2 /* LoadingView.swift in Sources */,
				30FC8CEA2BC06860003287D2 /* PageIntroModel.swift in Sources */,
				30FF26292BBCA293002216E8 /* AddMonitorView.swift in Sources */,
				30FF26252BBC8D7E002216E8 /* MonitoringViewModel.swift in Sources */,
				30FC8CEC2BC06A7B003287D2 /* PageIntroView.swift in Sources */,
				30FF261D2BBBF454002216E8 /* PlaneInfoView.swift in Sources */,
				30FC8CF02BC0920C003287D2 /* ProgressBarView.swift in Sources */,
				309F44332BB74619008D3A29 /* AirplanView.swift in Sources */,
				309F44432BB750D4008D3A29 /* AirplaneviewModel.swift in Sources */,
				306C59042BD2ADEB00336BEC /* ProgressBarCircle.swift in Sources */,
				30FC8CE72BC01FD8003287D2 /* AnalyticInfoView.swift in Sources */,
				305A33D82BDE6DC900E364B4 /* Aircraft.xcdatamodeld in Sources */,
				30FF26192BBBE182002216E8 /* AddPlaneView.swift in Sources */,
				30FF261F2BBBF640002216E8 /* TextPlaneView.swift in Sources */,
				309F44462BB75881008D3A29 /* ButtonCircle.swift in Sources */,
				30FF26172BBBD227002216E8 /* AirplaneCellView.swift in Sources */,
				30FC8CEE2BC07122003287D2 /* IntroView.swift in Sources */,
				309F443C2BB746DA008D3A29 /* AnalyticsView.swift in Sources */,
				304C49DB2BC70B4A0072685B /* webView.swift in Sources */,
				30F488E12BC5BF21003F2F32 /* SettingsView.swift in Sources */,
				304C49DE2BC7157E0072685B /* WebViewPage.swift in Sources */,
				30FC8CDF2BBF2D62003287D2 /* FlightViewModel.swift in Sources */,
				30FC8CE12BBF2E24003287D2 /* AddFlightView.swift in Sources */,
				30FC8CE32BBF37DF003287D2 /* FlightChekingView.swift in Sources */,
				30FF262B2BBDD5B9002216E8 /* ButtonChooseView.swift in Sources */,
				30FF26272BBC8EEB002216E8 /* MonitorParametrsView.swift in Sources */,
				309F44262BB744DA008D3A29 /* TabViewBoot.swift in Sources */,
				30FC8CE52BC01E2F003287D2 /* AnalyticCellView.swift in Sources */,
				309F44242BB744DA008D3A29 /* AircraftInspectionApp.swift in Sources */,
				30FF261B2BBBE40A002216E8 /* TextFieldPlaneView.swift in Sources */,
				30FC8CDD2BBF2754003287D2 /* FlightCellView.swift in Sources */,
				309F443F2BB74C43008D3A29 /* Plane.swift in Sources */,
			);
			runOnlyForDeploymentPostprocessing = 0;
		};
/* End PBXSourcesBuildPhase section */

/* Begin XCBuildConfiguration section */
		309F442C2BB744DC008D3A29 /* Debug */ = {
			isa = XCBuildConfiguration;
			buildSettings = {
				ALWAYS_SEARCH_USER_PATHS = NO;
				ASSETCATALOG_COMPILER_GENERATE_SWIFT_ASSET_SYMBOL_EXTENSIONS = YES;
				CLANG_ANALYZER_NONNULL = YES;
				CLANG_ANALYZER_NUMBER_OBJECT_CONVERSION = YES_AGGRESSIVE;
				CLANG_CXX_LANGUAGE_STANDARD = "gnu++20";
				CLANG_ENABLE_MODULES = YES;
				CLANG_ENABLE_OBJC_ARC = YES;
				CLANG_ENABLE_OBJC_WEAK = YES;
				CLANG_WARN_BLOCK_CAPTURE_AUTORELEASING = YES;
				CLANG_WARN_BOOL_CONVERSION = YES;
				CLANG_WARN_COMMA = YES;
				CLANG_WARN_CONSTANT_CONVERSION = YES;
				CLANG_WARN_DEPRECATED_OBJC_IMPLEMENTATIONS = YES;
				CLANG_WARN_DIRECT_OBJC_ISA_USAGE = YES_ERROR;
				CLANG_WARN_DOCUMENTATION_COMMENTS = YES;
				CLANG_WARN_EMPTY_BODY = YES;
				CLANG_WARN_ENUM_CONVERSION = YES;
				CLANG_WARN_INFINITE_RECURSION = YES;
				CLANG_WARN_INT_CONVERSION = YES;
				CLANG_WARN_NON_LITERAL_NULL_CONVERSION = YES;
				CLANG_WARN_OBJC_IMPLICIT_RETAIN_SELF = YES;
				CLANG_WARN_OBJC_LITERAL_CONVERSION = YES;
				CLANG_WARN_OBJC_ROOT_CLASS = YES_ERROR;
				CLANG_WARN_QUOTED_INCLUDE_IN_FRAMEWORK_HEADER = YES;
				CLANG_WARN_RANGE_LOOP_ANALYSIS = YES;
				CLANG_WARN_STRICT_PROTOTYPES = YES;
				CLANG_WARN_SUSPICIOUS_MOVE = YES;
				CLANG_WARN_UNGUARDED_AVAILABILITY = YES_AGGRESSIVE;
				CLANG_WARN_UNREACHABLE_CODE = YES;
				CLANG_WARN__DUPLICATE_METHOD_MATCH = YES;
				COPY_PHASE_STRIP = NO;
				DEBUG_INFORMATION_FORMAT = dwarf;
				ENABLE_STRICT_OBJC_MSGSEND = YES;
				ENABLE_TESTABILITY = YES;
				ENABLE_USER_SCRIPT_SANDBOXING = YES;
				GCC_C_LANGUAGE_STANDARD = gnu17;
				GCC_DYNAMIC_NO_PIC = NO;
				GCC_NO_COMMON_BLOCKS = YES;
				GCC_OPTIMIZATION_LEVEL = 0;
				GCC_PREPROCESSOR_DEFINITIONS = (
					"DEBUG=1",
					"$(inherited)",
				);
				GCC_WARN_64_TO_32_BIT_CONVERSION = YES;
				GCC_WARN_ABOUT_RETURN_TYPE = YES_ERROR;
				GCC_WARN_UNDECLARED_SELECTOR = YES;
				GCC_WARN_UNINITIALIZED_AUTOS = YES_AGGRESSIVE;
				GCC_WARN_UNUSED_FUNCTION = YES;
				GCC_WARN_UNUSED_VARIABLE = YES;
				IPHONEOS_DEPLOYMENT_TARGET = 17.0;
				LOCALIZATION_PREFERS_STRING_CATALOGS = YES;
				MTL_ENABLE_DEBUG_INFO = INCLUDE_SOURCE;
				MTL_FAST_MATH = YES;
				ONLY_ACTIVE_ARCH = YES;
				SDKROOT = iphoneos;
				SWIFT_ACTIVE_COMPILATION_CONDITIONS = "DEBUG $(inherited)";
				SWIFT_OPTIMIZATION_LEVEL = "-Onone";
			};
			name = Debug;
		};
		309F442D2BB744DC008D3A29 /* Release */ = {
			isa = XCBuildConfiguration;
			buildSettings = {
				ALWAYS_SEARCH_USER_PATHS = NO;
				ASSETCATALOG_COMPILER_GENERATE_SWIFT_ASSET_SYMBOL_EXTENSIONS = YES;
				CLANG_ANALYZER_NONNULL = YES;
				CLANG_ANALYZER_NUMBER_OBJECT_CONVERSION = YES_AGGRESSIVE;
				CLANG_CXX_LANGUAGE_STANDARD = "gnu++20";
				CLANG_ENABLE_MODULES = YES;
				CLANG_ENABLE_OBJC_ARC = YES;
				CLANG_ENABLE_OBJC_WEAK = YES;
				CLANG_WARN_BLOCK_CAPTURE_AUTORELEASING = YES;
				CLANG_WARN_BOOL_CONVERSION = YES;
				CLANG_WARN_COMMA = YES;
				CLANG_WARN_CONSTANT_CONVERSION = YES;
				CLANG_WARN_DEPRECATED_OBJC_IMPLEMENTATIONS = YES;
				CLANG_WARN_DIRECT_OBJC_ISA_USAGE = YES_ERROR;
				CLANG_WARN_DOCUMENTATION_COMMENTS = YES;
				CLANG_WARN_EMPTY_BODY = YES;
				CLANG_WARN_ENUM_CONVERSION = YES;
				CLANG_WARN_INFINITE_RECURSION = YES;
				CLANG_WARN_INT_CONVERSION = YES;
				CLANG_WARN_NON_LITERAL_NULL_CONVERSION = YES;
				CLANG_WARN_OBJC_IMPLICIT_RETAIN_SELF = YES;
				CLANG_WARN_OBJC_LITERAL_CONVERSION = YES;
				CLANG_WARN_OBJC_ROOT_CLASS = YES_ERROR;
				CLANG_WARN_QUOTED_INCLUDE_IN_FRAMEWORK_HEADER = YES;
				CLANG_WARN_RANGE_LOOP_ANALYSIS = YES;
				CLANG_WARN_STRICT_PROTOTYPES = YES;
				CLANG_WARN_SUSPICIOUS_MOVE = YES;
				CLANG_WARN_UNGUARDED_AVAILABILITY = YES_AGGRESSIVE;
				CLANG_WARN_UNREACHABLE_CODE = YES;
				CLANG_WARN__DUPLICATE_METHOD_MATCH = YES;
				COPY_PHASE_STRIP = NO;
				DEBUG_INFORMATION_FORMAT = "dwarf-with-dsym";
				ENABLE_NS_ASSERTIONS = NO;
				ENABLE_STRICT_OBJC_MSGSEND = YES;
				ENABLE_USER_SCRIPT_SANDBOXING = YES;
				GCC_C_LANGUAGE_STANDARD = gnu17;
				GCC_NO_COMMON_BLOCKS = YES;
				GCC_WARN_64_TO_32_BIT_CONVERSION = YES;
				GCC_WARN_ABOUT_RETURN_TYPE = YES_ERROR;
				GCC_WARN_UNDECLARED_SELECTOR = YES;
				GCC_WARN_UNINITIALIZED_AUTOS = YES_AGGRESSIVE;
				GCC_WARN_UNUSED_FUNCTION = YES;
				GCC_WARN_UNUSED_VARIABLE = YES;
				IPHONEOS_DEPLOYMENT_TARGET = 17.0;
				LOCALIZATION_PREFERS_STRING_CATALOGS = YES;
				MTL_ENABLE_DEBUG_INFO = NO;
				MTL_FAST_MATH = YES;
				SDKROOT = iphoneos;
				SWIFT_COMPILATION_MODE = wholemodule;
				VALIDATE_PRODUCT = YES;
			};
			name = Release;
		};
		309F442F2BB744DC008D3A29 /* Debug */ = {
			isa = XCBuildConfiguration;
			buildSettings = {
				ASSETCATALOG_COMPILER_APPICON_NAME = AppIcon;
				ASSETCATALOG_COMPILER_GLOBAL_ACCENT_COLOR_NAME = AccentColor;
				CODE_SIGN_STYLE = Automatic;
				CURRENT_PROJECT_VERSION = 1;
				DEVELOPMENT_ASSET_PATHS = "\"AircraftInspection/Preview Content\"";
				DEVELOPMENT_TEAM = AR6AN34RS9;
				ENABLE_PREVIEWS = YES;
				GENERATE_INFOPLIST_FILE = YES;
				INFOPLIST_KEY_UIApplicationSceneManifest_Generation = YES;
				INFOPLIST_KEY_UIApplicationSupportsIndirectInputEvents = YES;
				INFOPLIST_KEY_UILaunchScreen_Generation = YES;
				INFOPLIST_KEY_UISupportedInterfaceOrientations_iPad = "UIInterfaceOrientationPortrait UIInterfaceOrientationPortraitUpsideDown UIInterfaceOrientationLandscapeLeft UIInterfaceOrientationLandscapeRight";
				INFOPLIST_KEY_UISupportedInterfaceOrientations_iPhone = "UIInterfaceOrientationPortrait UIInterfaceOrientationLandscapeLeft UIInterfaceOrientationLandscapeRight";
				LD_RUNPATH_SEARCH_PATHS = (
					"$(inherited)",
					"@executable_path/Frameworks",
				);
				MARKETING_VERSION = 1.0;
				PRODUCT_BUNDLE_IDENTIFIER = home.AircraftInspection;
				PRODUCT_NAME = "$(TARGET_NAME)";
				SWIFT_EMIT_LOC_STRINGS = YES;
				SWIFT_VERSION = 5.0;
				TARGETED_DEVICE_FAMILY = "1,2";
			};
			name = Debug;
		};
		309F44302BB744DC008D3A29 /* Release */ = {
			isa = XCBuildConfiguration;
			buildSettings = {
				ASSETCATALOG_COMPILER_APPICON_NAME = AppIcon;
				ASSETCATALOG_COMPILER_GLOBAL_ACCENT_COLOR_NAME = AccentColor;
				CODE_SIGN_STYLE = Automatic;
				CURRENT_PROJECT_VERSION = 1;
				DEVELOPMENT_ASSET_PATHS = "\"AircraftInspection/Preview Content\"";
				DEVELOPMENT_TEAM = AR6AN34RS9;
				ENABLE_PREVIEWS = YES;
				GENERATE_INFOPLIST_FILE = YES;
				INFOPLIST_KEY_UIApplicationSceneManifest_Generation = YES;
				INFOPLIST_KEY_UIApplicationSupportsIndirectInputEvents = YES;
				INFOPLIST_KEY_UILaunchScreen_Generation = YES;
				INFOPLIST_KEY_UISupportedInterfaceOrientations_iPad = "UIInterfaceOrientationPortrait UIInterfaceOrientationPortraitUpsideDown UIInterfaceOrientationLandscapeLeft UIInterfaceOrientationLandscapeRight";
				INFOPLIST_KEY_UISupportedInterfaceOrientations_iPhone = "UIInterfaceOrientationPortrait UIInterfaceOrientationLandscapeLeft UIInterfaceOrientationLandscapeRight";
				LD_RUNPATH_SEARCH_PATHS = (
					"$(inherited)",
					"@executable_path/Frameworks",
				);
				MARKETING_VERSION = 1.0;
				PRODUCT_BUNDLE_IDENTIFIER = home.AircraftInspection;
				PRODUCT_NAME = "$(TARGET_NAME)";
				SWIFT_EMIT_LOC_STRINGS = YES;
				SWIFT_VERSION = 5.0;
				TARGETED_DEVICE_FAMILY = "1,2";
			};
			name = Release;
		};
/* End XCBuildConfiguration section */

/* Begin XCConfigurationList section */
		309F441B2BB744D9008D3A29 /* Build configuration list for PBXProject "AircraftInspection" */ = {
			isa = XCConfigurationList;
			buildConfigurations = (
				309F442C2BB744DC008D3A29 /* Debug */,
				309F442D2BB744DC008D3A29 /* Release */,
			);
			defaultConfigurationIsVisible = 0;
			defaultConfigurationName = Release;
		};
		309F442E2BB744DC008D3A29 /* Build configuration list for PBXNativeTarget "AircraftInspection" */ = {
			isa = XCConfigurationList;
			buildConfigurations = (
				309F442F2BB744DC008D3A29 /* Debug */,
				309F44302BB744DC008D3A29 /* Release */,
			);
			defaultConfigurationIsVisible = 0;
			defaultConfigurationName = Release;
		};
/* End XCConfigurationList section */

/* Begin XCVersionGroup section */
		305A33D62BDE6DC900E364B4 /* Aircraft.xcdatamodeld */ = {
			isa = XCVersionGroup;
			children = (
				305A33D72BDE6DC900E364B4 /* Aircraft.xcdatamodel */,
			);
			currentVersion = 305A33D72BDE6DC900E364B4 /* Aircraft.xcdatamodel */;
			path = Aircraft.xcdatamodeld;
			sourceTree = "<group>";
			versionGroupType = wrapper.xcdatamodel;
		};
/* End XCVersionGroup section */
	};
	rootObject = 309F44182BB744D9008D3A29 /* Project object */;
}
